<?xml version="1.0" encoding="UTF-8"?>
<Project ToolsVersion="15.0" xmlns="http://schemas.microsoft.com/developer/msbuild/2003">
  <ItemGroup>
    <CustomBuild Include="D:\ProgrammingProjects\Engine\Engine\Libraries\glfw-3.2.1\CMakeFiles\fee1c22d754b8fc2aa6e924e1c0c83a9\INSTALL_force.rule">
      <Filter>CMake Rules</Filter>
    </CustomBuild>
  </ItemGroup>
  <ItemGroup>
    <Filter Include="CMake Rules">
      <UniqueIdentifier>{624FBE3D-1DF3-3E02-857F-57044999AF6F}</UniqueIdentifier>
    </Filter>
  </ItemGroup>
</Project>
