<?xml version="1.0" encoding="UTF-8"?>
<Project ToolsVersion="15.0" xmlns="http://schemas.microsoft.com/developer/msbuild/2003">
  <ItemGroup>
    <ClCompile Include="D:\ProgrammingProjects\Engine\Engine\Libraries\glfw-3.2.1\tests\joysticks.c">
      <Filter>Source Files</Filter>
    </ClCompile>
    <ClCompile Include="D:\ProgrammingProjects\Engine\Engine\Libraries\glfw-3.2.1\deps\glad.c">
      <Filter>Source Files</Filter>
    </ClCompile>
  </ItemGroup>
  <ItemGroup>
    <ClInclude Include="D:\ProgrammingProjects\Engine\Engine\Libraries\glfw-3.2.1\deps\glad\glad.h">
      <Filter>Header Files</Filter>
    </ClInclude>
  </ItemGroup>
  <ItemGroup>
    <CustomBuild Include="D:\ProgrammingProjects\Engine\Engine\Libraries\glfw-3.2.1\tests\CMakeLists.txt" />
  </ItemGroup>
  <ItemGroup>
    <Filter Include="Source Files">
      <UniqueIdentifier>{7DE33620-01B0-37FA-A37C-2C43686BBA29}</UniqueIdentifier>
    </Filter>
    <Filter Include="Header Files">
      <UniqueIdentifier>{6564D8B2-860B-3A2C-BB46-0EDF091BD8A4}</UniqueIdentifier>
    </Filter>
  </ItemGroup>
</Project>
