Microsoft Visual Studio Solution File, Format Version 12.00
# Visual Studio 15
Project("{2150E333-8FDC-42A3-9474-1A3956D46DE8}") = "CMakePredefinedTargets", "CMakePredefinedTargets", "{F1AA5AEC-2E8C-3C25-A5D4-341F06A5DC33}"
EndProject
Project("{2150E333-8FDC-42A3-9474-1A3956D46DE8}") = "GLFW3", "GLFW3", "{27AA4DB9-F3C4-3A76-822A-9A297F5DBE6E}"
EndProject
Project("{2150E333-8FDC-42A3-9474-1A3956D46DE8}") = "Examples", "GLFW3\Examples", "{5FC37CB6-BFAA-3D91-A6E5-1A625C6C4E1E}"
EndProject
Project("{2150E333-8FDC-42A3-9474-1A3956D46DE8}") = "Tests", "GLFW3\Tests", "{AA68A555-9A69-3CE0-B1D0-1B46DCCFD98B}"
EndProject
Project("{8BC9CEB8-8B4A-11D0-8D11-00A0C91BC942}") = "ALL_BUILD", "ALL_BUILD.vcxproj", "{2CDDD5B5-F14B-365A-83F0-CCA04893807C}"
	ProjectSection(ProjectDependencies) = postProject
		{80A0C7E5-F29D-305C-B383-1E7157FEF913} = {80A0C7E5-F29D-305C-B383-1E7157FEF913}
		{FD940E4C-30FF-3936-97F0-0D872FEF1F3E} = {FD940E4C-30FF-3936-97F0-0D872FEF1F3E}
		{92EBEA93-6111-39C8-847E-010187FB05CB} = {92EBEA93-6111-39C8-847E-010187FB05CB}
		{C543B82C-A0DE-3816-BAD4-68B53BBE0395} = {C543B82C-A0DE-3816-BAD4-68B53BBE0395}
		{F4986BE4-3964-363E-A1FC-0CC0353E0C19} = {F4986BE4-3964-363E-A1FC-0CC0353E0C19}
		{64846FBB-9957-3E1A-9385-7C9BE0F55AD0} = {64846FBB-9957-3E1A-9385-7C9BE0F55AD0}
		{8A217F38-9679-3C8B-8F73-55E88BE254FB} = {8A217F38-9679-3C8B-8F73-55E88BE254FB}
		{4FEFAC09-1806-30B9-BFB8-CD73729FF826} = {4FEFAC09-1806-30B9-BFB8-CD73729FF826}
		{EE217295-75EC-30EE-8814-253297C803EE} = {EE217295-75EC-30EE-8814-253297C803EE}
		{10B4CF7E-582C-3EAF-BE18-E6A348FA9B37} = {10B4CF7E-582C-3EAF-BE18-E6A348FA9B37}
		{79127C94-8536-3B9C-BCFC-C47D5CCD2E86} = {79127C94-8536-3B9C-BCFC-C47D5CCD2E86}
		{5994D869-BE05-37DA-95FD-B76179EA7941} = {5994D869-BE05-37DA-95FD-B76179EA7941}
		{9DDC5A5A-C6AD-3D2F-84D6-34A55A554263} = {9DDC5A5A-C6AD-3D2F-84D6-34A55A554263}
		{3A7C9358-CC2F-3EE3-A627-26F01D9E137B} = {3A7C9358-CC2F-3EE3-A627-26F01D9E137B}
		{550DBCA0-E55E-3324-B959-96B8A4BB0435} = {550DBCA0-E55E-3324-B959-96B8A4BB0435}
		{817799A6-F912-3CFC-BFC9-914B44814EB8} = {817799A6-F912-3CFC-BFC9-914B44814EB8}
		{75FB1C3A-EE84-33EB-9D36-E4031888F75C} = {75FB1C3A-EE84-33EB-9D36-E4031888F75C}
		{686D2ACE-5FC9-3C21-B145-97879C6648D7} = {686D2ACE-5FC9-3C21-B145-97879C6648D7}
		{0EF6FAB4-A03B-376B-ADBA-19DD3115813B} = {0EF6FAB4-A03B-376B-ADBA-19DD3115813B}
		{C1010297-91BF-348D-8621-65E9AD2D40AA} = {C1010297-91BF-348D-8621-65E9AD2D40AA}
		{9249F118-B47A-384F-9F4F-FA60AD0F76D5} = {9249F118-B47A-384F-9F4F-FA60AD0F76D5}
		{170024F1-1511-384E-9D6C-BAD6B98D971A} = {170024F1-1511-384E-9D6C-BAD6B98D971A}
		{5AB339A5-0442-3930-9D05-F9E86DE040F1} = {5AB339A5-0442-3930-9D05-F9E86DE040F1}
		{1AEDE5F5-23BC-38E6-8D70-30A8D5A52535} = {1AEDE5F5-23BC-38E6-8D70-30A8D5A52535}
		{A18807FF-CB28-3D6F-978E-243E9756945C} = {A18807FF-CB28-3D6F-978E-243E9756945C}
		{B98C6274-21FF-3AD3-AC88-7FED9FD13E58} = {B98C6274-21FF-3AD3-AC88-7FED9FD13E58}
		{69AB8000-3BC6-3B46-B91A-1DC87D15AC6A} = {69AB8000-3BC6-3B46-B91A-1DC87D15AC6A}
	EndProjectSection
EndProject
Project("{8BC9CEB8-8B4A-11D0-8D11-00A0C91BC942}") = "INSTALL", "INSTALL.vcxproj", "{E91B7006-9A28-320B-8A7F-FD1628020A5F}"
	ProjectSection(ProjectDependencies) = postProject
		{2CDDD5B5-F14B-365A-83F0-CCA04893807C} = {2CDDD5B5-F14B-365A-83F0-CCA04893807C}
		{80A0C7E5-F29D-305C-B383-1E7157FEF913} = {80A0C7E5-F29D-305C-B383-1E7157FEF913}
	EndProjectSection
EndProject
Project("{8BC9CEB8-8B4A-11D0-8D11-00A0C91BC942}") = "ZERO_CHECK", "ZERO_CHECK.vcxproj", "{80A0C7E5-F29D-305C-B383-1E7157FEF913}"
	ProjectSection(ProjectDependencies) = postProject
	EndProjectSection
EndProject
Project("{8BC9CEB8-8B4A-11D0-8D11-00A0C91BC942}") = "boing", "examples\boing.vcxproj", "{FD940E4C-30FF-3936-97F0-0D872FEF1F3E}"
	ProjectSection(ProjectDependencies) = postProject
		{80A0C7E5-F29D-305C-B383-1E7157FEF913} = {80A0C7E5-F29D-305C-B383-1E7157FEF913}
		{EE217295-75EC-30EE-8814-253297C803EE} = {EE217295-75EC-30EE-8814-253297C803EE}
	EndProjectSection
EndProject
Project("{8BC9CEB8-8B4A-11D0-8D11-00A0C91BC942}") = "clipboard", "tests\clipboard.vcxproj", "{92EBEA93-6111-39C8-847E-010187FB05CB}"
	ProjectSection(ProjectDependencies) = postProject
		{80A0C7E5-F29D-305C-B383-1E7157FEF913} = {80A0C7E5-F29D-305C-B383-1E7157FEF913}
		{EE217295-75EC-30EE-8814-253297C803EE} = {EE217295-75EC-30EE-8814-253297C803EE}
	EndProjectSection
EndProject
Project("{8BC9CEB8-8B4A-11D0-8D11-00A0C91BC942}") = "cursor", "tests\cursor.vcxproj", "{C543B82C-A0DE-3816-BAD4-68B53BBE0395}"
	ProjectSection(ProjectDependencies) = postProject
		{80A0C7E5-F29D-305C-B383-1E7157FEF913} = {80A0C7E5-F29D-305C-B383-1E7157FEF913}
		{EE217295-75EC-30EE-8814-253297C803EE} = {EE217295-75EC-30EE-8814-253297C803EE}
	EndProjectSection
EndProject
Project("{8BC9CEB8-8B4A-11D0-8D11-00A0C91BC942}") = "empty", "tests\empty.vcxproj", "{F4986BE4-3964-363E-A1FC-0CC0353E0C19}"
	ProjectSection(ProjectDependencies) = postProject
		{80A0C7E5-F29D-305C-B383-1E7157FEF913} = {80A0C7E5-F29D-305C-B383-1E7157FEF913}
		{EE217295-75EC-30EE-8814-253297C803EE} = {EE217295-75EC-30EE-8814-253297C803EE}
	EndProjectSection
EndProject
Project("{8BC9CEB8-8B4A-11D0-8D11-00A0C91BC942}") = "events", "tests\events.vcxproj", "{64846FBB-9957-3E1A-9385-7C9BE0F55AD0}"
	ProjectSection(ProjectDependencies) = postProject
		{80A0C7E5-F29D-305C-B383-1E7157FEF913} = {80A0C7E5-F29D-305C-B383-1E7157FEF913}
		{EE217295-75EC-30EE-8814-253297C803EE} = {EE217295-75EC-30EE-8814-253297C803EE}
	EndProjectSection
EndProject
Project("{8BC9CEB8-8B4A-11D0-8D11-00A0C91BC942}") = "gamma", "tests\gamma.vcxproj", "{8A217F38-9679-3C8B-8F73-55E88BE254FB}"
	ProjectSection(ProjectDependencies) = postProject
		{80A0C7E5-F29D-305C-B383-1E7157FEF913} = {80A0C7E5-F29D-305C-B383-1E7157FEF913}
		{EE217295-75EC-30EE-8814-253297C803EE} = {EE217295-75EC-30EE-8814-253297C803EE}
	EndProjectSection
EndProject
Project("{8BC9CEB8-8B4A-11D0-8D11-00A0C91BC942}") = "gears", "examples\gears.vcxproj", "{4FEFAC09-1806-30B9-BFB8-CD73729FF826}"
	ProjectSection(ProjectDependencies) = postProject
		{80A0C7E5-F29D-305C-B383-1E7157FEF913} = {80A0C7E5-F29D-305C-B383-1E7157FEF913}
		{EE217295-75EC-30EE-8814-253297C803EE} = {EE217295-75EC-30EE-8814-253297C803EE}
	EndProjectSection
EndProject
Project("{8BC9CEB8-8B4A-11D0-8D11-00A0C91BC942}") = "glfw", "src\glfw.vcxproj", "{EE217295-75EC-30EE-8814-253297C803EE}"
	ProjectSection(ProjectDependencies) = postProject
		{80A0C7E5-F29D-305C-B383-1E7157FEF913} = {80A0C7E5-F29D-305C-B383-1E7157FEF913}
	EndProjectSection
EndProject
Project("{8BC9CEB8-8B4A-11D0-8D11-00A0C91BC942}") = "glfwinfo", "tests\glfwinfo.vcxproj", "{10B4CF7E-582C-3EAF-BE18-E6A348FA9B37}"
	ProjectSection(ProjectDependencies) = postProject
		{80A0C7E5-F29D-305C-B383-1E7157FEF913} = {80A0C7E5-F29D-305C-B383-1E7157FEF913}
		{EE217295-75EC-30EE-8814-253297C803EE} = {EE217295-75EC-30EE-8814-253297C803EE}
	EndProjectSection
EndProject
Project("{8BC9CEB8-8B4A-11D0-8D11-00A0C91BC942}") = "heightmap", "examples\heightmap.vcxproj", "{79127C94-8536-3B9C-BCFC-C47D5CCD2E86}"
	ProjectSection(ProjectDependencies) = postProject
		{80A0C7E5-F29D-305C-B383-1E7157FEF913} = {80A0C7E5-F29D-305C-B383-1E7157FEF913}
		{EE217295-75EC-30EE-8814-253297C803EE} = {EE217295-75EC-30EE-8814-253297C803EE}
	EndProjectSection
EndProject
Project("{8BC9CEB8-8B4A-11D0-8D11-00A0C91BC942}") = "icon", "tests\icon.vcxproj", "{5994D869-BE05-37DA-95FD-B76179EA7941}"
	ProjectSection(ProjectDependencies) = postProject
		{80A0C7E5-F29D-305C-B383-1E7157FEF913} = {80A0C7E5-F29D-305C-B383-1E7157FEF913}
		{EE217295-75EC-30EE-8814-253297C803EE} = {EE217295-75EC-30EE-8814-253297C803EE}
	EndProjectSection
EndProject
Project("{8BC9CEB8-8B4A-11D0-8D11-00A0C91BC942}") = "iconify", "tests\iconify.vcxproj", "{9DDC5A5A-C6AD-3D2F-84D6-34A55A554263}"
	ProjectSection(ProjectDependencies) = postProject
		{80A0C7E5-F29D-305C-B383-1E7157FEF913} = {80A0C7E5-F29D-305C-B383-1E7157FEF913}
		{EE217295-75EC-30EE-8814-253297C803EE} = {EE217295-75EC-30EE-8814-253297C803EE}
	EndProjectSection
EndProject
Project("{8BC9CEB8-8B4A-11D0-8D11-00A0C91BC942}") = "joysticks", "tests\joysticks.vcxproj", "{3A7C9358-CC2F-3EE3-A627-26F01D9E137B}"
	ProjectSection(ProjectDependencies) = postProject
		{80A0C7E5-F29D-305C-B383-1E7157FEF913} = {80A0C7E5-F29D-305C-B383-1E7157FEF913}
		{EE217295-75EC-30EE-8814-253297C803EE} = {EE217295-75EC-30EE-8814-253297C803EE}
	EndProjectSection
EndProject
Project("{8BC9CEB8-8B4A-11D0-8D11-00A0C91BC942}") = "monitors", "tests\monitors.vcxproj", "{550DBCA0-E55E-3324-B959-96B8A4BB0435}"
	ProjectSection(ProjectDependencies) = postProject
		{80A0C7E5-F29D-305C-B383-1E7157FEF913} = {80A0C7E5-F29D-305C-B383-1E7157FEF913}
		{EE217295-75EC-30EE-8814-253297C803EE} = {EE217295-75EC-30EE-8814-253297C803EE}
	EndProjectSection
EndProject
Project("{8BC9CEB8-8B4A-11D0-8D11-00A0C91BC942}") = "msaa", "tests\msaa.vcxproj", "{817799A6-F912-3CFC-BFC9-914B44814EB8}"
	ProjectSection(ProjectDependencies) = postProject
		{80A0C7E5-F29D-305C-B383-1E7157FEF913} = {80A0C7E5-F29D-305C-B383-1E7157FEF913}
		{EE217295-75EC-30EE-8814-253297C803EE} = {EE217295-75EC-30EE-8814-253297C803EE}
	EndProjectSection
EndProject
Project("{8BC9CEB8-8B4A-11D0-8D11-00A0C91BC942}") = "particles", "examples\particles.vcxproj", "{75FB1C3A-EE84-33EB-9D36-E4031888F75C}"
	ProjectSection(ProjectDependencies) = postProject
		{80A0C7E5-F29D-305C-B383-1E7157FEF913} = {80A0C7E5-F29D-305C-B383-1E7157FEF913}
		{EE217295-75EC-30EE-8814-253297C803EE} = {EE217295-75EC-30EE-8814-253297C803EE}
	EndProjectSection
EndProject
Project("{8BC9CEB8-8B4A-11D0-8D11-00A0C91BC942}") = "reopen", "tests\reopen.vcxproj", "{686D2ACE-5FC9-3C21-B145-97879C6648D7}"
	ProjectSection(ProjectDependencies) = postProject
		{80A0C7E5-F29D-305C-B383-1E7157FEF913} = {80A0C7E5-F29D-305C-B383-1E7157FEF913}
		{EE217295-75EC-30EE-8814-253297C803EE} = {EE217295-75EC-30EE-8814-253297C803EE}
	EndProjectSection
EndProject
Project("{8BC9CEB8-8B4A-11D0-8D11-00A0C91BC942}") = "sharing", "tests\sharing.vcxproj", "{0EF6FAB4-A03B-376B-ADBA-19DD3115813B}"
	ProjectSection(ProjectDependencies) = postProject
		{80A0C7E5-F29D-305C-B383-1E7157FEF913} = {80A0C7E5-F29D-305C-B383-1E7157FEF913}
		{EE217295-75EC-30EE-8814-253297C803EE} = {EE217295-75EC-30EE-8814-253297C803EE}
	EndProjectSection
EndProject
Project("{8BC9CEB8-8B4A-11D0-8D11-00A0C91BC942}") = "simple", "examples\simple.vcxproj", "{C1010297-91BF-348D-8621-65E9AD2D40AA}"
	ProjectSection(ProjectDependencies) = postProject
		{80A0C7E5-F29D-305C-B383-1E7157FEF913} = {80A0C7E5-F29D-305C-B383-1E7157FEF913}
		{EE217295-75EC-30EE-8814-253297C803EE} = {EE217295-75EC-30EE-8814-253297C803EE}
	EndProjectSection
EndProject
Project("{8BC9CEB8-8B4A-11D0-8D11-00A0C91BC942}") = "splitview", "examples\splitview.vcxproj", "{9249F118-B47A-384F-9F4F-FA60AD0F76D5}"
	ProjectSection(ProjectDependencies) = postProject
		{80A0C7E5-F29D-305C-B383-1E7157FEF913} = {80A0C7E5-F29D-305C-B383-1E7157FEF913}
		{EE217295-75EC-30EE-8814-253297C803EE} = {EE217295-75EC-30EE-8814-253297C803EE}
	EndProjectSection
EndProject
Project("{8BC9CEB8-8B4A-11D0-8D11-00A0C91BC942}") = "tearing", "tests\tearing.vcxproj", "{170024F1-1511-384E-9D6C-BAD6B98D971A}"
	ProjectSection(ProjectDependencies) = postProject
		{80A0C7E5-F29D-305C-B383-1E7157FEF913} = {80A0C7E5-F29D-305C-B383-1E7157FEF913}
		{EE217295-75EC-30EE-8814-253297C803EE} = {EE217295-75EC-30EE-8814-253297C803EE}
	EndProjectSection
EndProject
Project("{8BC9CEB8-8B4A-11D0-8D11-00A0C91BC942}") = "threads", "tests\threads.vcxproj", "{5AB339A5-0442-3930-9D05-F9E86DE040F1}"
	ProjectSection(ProjectDependencies) = postProject
		{80A0C7E5-F29D-305C-B383-1E7157FEF913} = {80A0C7E5-F29D-305C-B383-1E7157FEF913}
		{EE217295-75EC-30EE-8814-253297C803EE} = {EE217295-75EC-30EE-8814-253297C803EE}
	EndProjectSection
EndProject
Project("{8BC9CEB8-8B4A-11D0-8D11-00A0C91BC942}") = "timeout", "tests\timeout.vcxproj", "{1AEDE5F5-23BC-38E6-8D70-30A8D5A52535}"
	ProjectSection(ProjectDependencies) = postProject
		{80A0C7E5-F29D-305C-B383-1E7157FEF913} = {80A0C7E5-F29D-305C-B383-1E7157FEF913}
		{EE217295-75EC-30EE-8814-253297C803EE} = {EE217295-75EC-30EE-8814-253297C803EE}
	EndProjectSection
EndProject
Project("{8BC9CEB8-8B4A-11D0-8D11-00A0C91BC942}") = "title", "tests\title.vcxproj", "{A18807FF-CB28-3D6F-978E-243E9756945C}"
	ProjectSection(ProjectDependencies) = postProject
		{80A0C7E5-F29D-305C-B383-1E7157FEF913} = {80A0C7E5-F29D-305C-B383-1E7157FEF913}
		{EE217295-75EC-30EE-8814-253297C803EE} = {EE217295-75EC-30EE-8814-253297C803EE}
	EndProjectSection
EndProject
Project("{8BC9CEB8-8B4A-11D0-8D11-00A0C91BC942}") = "uninstall", "uninstall.vcxproj", "{3ED0FDE4-069D-36F4-BCF8-7107363DA14D}"
	ProjectSection(ProjectDependencies) = postProject
		{80A0C7E5-F29D-305C-B383-1E7157FEF913} = {80A0C7E5-F29D-305C-B383-1E7157FEF913}
	EndProjectSection
EndProject
Project("{8BC9CEB8-8B4A-11D0-8D11-00A0C91BC942}") = "wave", "examples\wave.vcxproj", "{B98C6274-21FF-3AD3-AC88-7FED9FD13E58}"
	ProjectSection(ProjectDependencies) = postProject
		{80A0C7E5-F29D-305C-B383-1E7157FEF913} = {80A0C7E5-F29D-305C-B383-1E7157FEF913}
		{EE217295-75EC-30EE-8814-253297C803EE} = {EE217295-75EC-30EE-8814-253297C803EE}
	EndProjectSection
EndProject
Project("{8BC9CEB8-8B4A-11D0-8D11-00A0C91BC942}") = "windows", "tests\windows.vcxproj", "{69AB8000-3BC6-3B46-B91A-1DC87D15AC6A}"
	ProjectSection(ProjectDependencies) = postProject
		{80A0C7E5-F29D-305C-B383-1E7157FEF913} = {80A0C7E5-F29D-305C-B383-1E7157FEF913}
		{EE217295-75EC-30EE-8814-253297C803EE} = {EE217295-75EC-30EE-8814-253297C803EE}
	EndProjectSection
EndProject
Global
	GlobalSection(SolutionConfigurationPlatforms) = preSolution
		Debug|Win32 = Debug|Win32
		Release|Win32 = Release|Win32
		MinSizeRel|Win32 = MinSizeRel|Win32
		RelWithDebInfo|Win32 = RelWithDebInfo|Win32
	EndGlobalSection
	GlobalSection(ProjectConfigurationPlatforms) = postSolution
		{2CDDD5B5-F14B-365A-83F0-CCA04893807C}.Debug|Win32.ActiveCfg = Debug|Win32
		{2CDDD5B5-F14B-365A-83F0-CCA04893807C}.Debug|Win32.Build.0 = Debug|Win32
		{2CDDD5B5-F14B-365A-83F0-CCA04893807C}.Release|Win32.ActiveCfg = Release|Win32
		{2CDDD5B5-F14B-365A-83F0-CCA04893807C}.Release|Win32.Build.0 = Release|Win32
		{2CDDD5B5-F14B-365A-83F0-CCA04893807C}.MinSizeRel|Win32.ActiveCfg = MinSizeRel|Win32
		{2CDDD5B5-F14B-365A-83F0-CCA04893807C}.MinSizeRel|Win32.Build.0 = MinSizeRel|Win32
		{2CDDD5B5-F14B-365A-83F0-CCA04893807C}.RelWithDebInfo|Win32.ActiveCfg = RelWithDebInfo|Win32
		{2CDDD5B5-F14B-365A-83F0-CCA04893807C}.RelWithDebInfo|Win32.Build.0 = RelWithDebInfo|Win32
		{E91B7006-9A28-320B-8A7F-FD1628020A5F}.Debug|Win32.ActiveCfg = Debug|Win32
		{E91B7006-9A28-320B-8A7F-FD1628020A5F}.Release|Win32.ActiveCfg = Release|Win32
		{E91B7006-9A28-320B-8A7F-FD1628020A5F}.MinSizeRel|Win32.ActiveCfg = MinSizeRel|Win32
		{E91B7006-9A28-320B-8A7F-FD1628020A5F}.RelWithDebInfo|Win32.ActiveCfg = RelWithDebInfo|Win32
		{80A0C7E5-F29D-305C-B383-1E7157FEF913}.Debug|Win32.ActiveCfg = Debug|Win32
		{80A0C7E5-F29D-305C-B383-1E7157FEF913}.Debug|Win32.Build.0 = Debug|Win32
		{80A0C7E5-F29D-305C-B383-1E7157FEF913}.Release|Win32.ActiveCfg = Release|Win32
		{80A0C7E5-F29D-305C-B383-1E7157FEF913}.Release|Win32.Build.0 = Release|Win32
		{80A0C7E5-F29D-305C-B383-1E7157FEF913}.MinSizeRel|Win32.ActiveCfg = MinSizeRel|Win32
		{80A0C7E5-F29D-305C-B383-1E7157FEF913}.MinSizeRel|Win32.Build.0 = MinSizeRel|Win32
		{80A0C7E5-F29D-305C-B383-1E7157FEF913}.RelWithDebInfo|Win32.ActiveCfg = RelWithDebInfo|Win32
		{80A0C7E5-F29D-305C-B383-1E7157FEF913}.RelWithDebInfo|Win32.Build.0 = RelWithDebInfo|Win32
		{FD940E4C-30FF-3936-97F0-0D872FEF1F3E}.Debug|Win32.ActiveCfg = Debug|Win32
		{FD940E4C-30FF-3936-97F0-0D872FEF1F3E}.Debug|Win32.Build.0 = Debug|Win32
		{FD940E4C-30FF-3936-97F0-0D872FEF1F3E}.Release|Win32.ActiveCfg = Release|Win32
		{FD940E4C-30FF-3936-97F0-0D872FEF1F3E}.Release|Win32.Build.0 = Release|Win32
		{FD940E4C-30FF-3936-97F0-0D872FEF1F3E}.MinSizeRel|Win32.ActiveCfg = MinSizeRel|Win32
		{FD940E4C-30FF-3936-97F0-0D872FEF1F3E}.MinSizeRel|Win32.Build.0 = MinSizeRel|Win32
		{FD940E4C-30FF-3936-97F0-0D872FEF1F3E}.RelWithDebInfo|Win32.ActiveCfg = RelWithDebInfo|Win32
		{FD940E4C-30FF-3936-97F0-0D872FEF1F3E}.RelWithDebInfo|Win32.Build.0 = RelWithDebInfo|Win32
		{92EBEA93-6111-39C8-847E-010187FB05CB}.Debug|Win32.ActiveCfg = Debug|Win32
		{92EBEA93-6111-39C8-847E-010187FB05CB}.Debug|Win32.Build.0 = Debug|Win32
		{92EBEA93-6111-39C8-847E-010187FB05CB}.Release|Win32.ActiveCfg = Release|Win32
		{92EBEA93-6111-39C8-847E-010187FB05CB}.Release|Win32.Build.0 = Release|Win32
		{92EBEA93-6111-39C8-847E-010187FB05CB}.MinSizeRel|Win32.ActiveCfg = MinSizeRel|Win32
		{92EBEA93-6111-39C8-847E-010187FB05CB}.MinSizeRel|Win32.Build.0 = MinSizeRel|Win32
		{92EBEA93-6111-39C8-847E-010187FB05CB}.RelWithDebInfo|Win32.ActiveCfg = RelWithDebInfo|Win32
		{92EBEA93-6111-39C8-847E-010187FB05CB}.RelWithDebInfo|Win32.Build.0 = RelWithDebInfo|Win32
		{C543B82C-A0DE-3816-BAD4-68B53BBE0395}.Debug|Win32.ActiveCfg = Debug|Win32
		{C543B82C-A0DE-3816-BAD4-68B53BBE0395}.Debug|Win32.Build.0 = Debug|Win32
		{C543B82C-A0DE-3816-BAD4-68B53BBE0395}.Release|Win32.ActiveCfg = Release|Win32
		{C543B82C-A0DE-3816-BAD4-68B53BBE0395}.Release|Win32.Build.0 = Release|Win32
		{C543B82C-A0DE-3816-BAD4-68B53BBE0395}.MinSizeRel|Win32.ActiveCfg = MinSizeRel|Win32
		{C543B82C-A0DE-3816-BAD4-68B53BBE0395}.MinSizeRel|Win32.Build.0 = MinSizeRel|Win32
		{C543B82C-A0DE-3816-BAD4-68B53BBE0395}.RelWithDebInfo|Win32.ActiveCfg = RelWithDebInfo|Win32
		{C543B82C-A0DE-3816-BAD4-68B53BBE0395}.RelWithDebInfo|Win32.Build.0 = RelWithDebInfo|Win32
		{F4986BE4-3964-363E-A1FC-0CC0353E0C19}.Debug|Win32.ActiveCfg = Debug|Win32
		{F4986BE4-3964-363E-A1FC-0CC0353E0C19}.Debug|Win32.Build.0 = Debug|Win32
		{F4986BE4-3964-363E-A1FC-0CC0353E0C19}.Release|Win32.ActiveCfg = Release|Win32
		{F4986BE4-3964-363E-A1FC-0CC0353E0C19}.Release|Win32.Build.0 = Release|Win32
		{F4986BE4-3964-363E-A1FC-0CC0353E0C19}.MinSizeRel|Win32.ActiveCfg = MinSizeRel|Win32
		{F4986BE4-3964-363E-A1FC-0CC0353E0C19}.MinSizeRel|Win32.Build.0 = MinSizeRel|Win32
		{F4986BE4-3964-363E-A1FC-0CC0353E0C19}.RelWithDebInfo|Win32.ActiveCfg = RelWithDebInfo|Win32
		{F4986BE4-3964-363E-A1FC-0CC0353E0C19}.RelWithDebInfo|Win32.Build.0 = RelWithDebInfo|Win32
		{64846FBB-9957-3E1A-9385-7C9BE0F55AD0}.Debug|Win32.ActiveCfg = Debug|Win32
		{64846FBB-9957-3E1A-9385-7C9BE0F55AD0}.Debug|Win32.Build.0 = Debug|Win32
		{64846FBB-9957-3E1A-9385-7C9BE0F55AD0}.Release|Win32.ActiveCfg = Release|Win32
		{64846FBB-9957-3E1A-9385-7C9BE0F55AD0}.Release|Win32.Build.0 = Release|Win32
		{64846FBB-9957-3E1A-9385-7C9BE0F55AD0}.MinSizeRel|Win32.ActiveCfg = MinSizeRel|Win32
		{64846FBB-9957-3E1A-9385-7C9BE0F55AD0}.MinSizeRel|Win32.Build.0 = MinSizeRel|Win32
		{64846FBB-9957-3E1A-9385-7C9BE0F55AD0}.RelWithDebInfo|Win32.ActiveCfg = RelWithDebInfo|Win32
		{64846FBB-9957-3E1A-9385-7C9BE0F55AD0}.RelWithDebInfo|Win32.Build.0 = RelWithDebInfo|Win32
		{8A217F38-9679-3C8B-8F73-55E88BE254FB}.Debug|Win32.ActiveCfg = Debug|Win32
		{8A217F38-9679-3C8B-8F73-55E88BE254FB}.Debug|Win32.Build.0 = Debug|Win32
		{8A217F38-9679-3C8B-8F73-55E88BE254FB}.Release|Win32.ActiveCfg = Release|Win32
		{8A217F38-9679-3C8B-8F73-55E88BE254FB}.Release|Win32.Build.0 = Release|Win32
		{8A217F38-9679-3C8B-8F73-55E88BE254FB}.MinSizeRel|Win32.ActiveCfg = MinSizeRel|Win32
		{8A217F38-9679-3C8B-8F73-55E88BE254FB}.MinSizeRel|Win32.Build.0 = MinSizeRel|Win32
		{8A217F38-9679-3C8B-8F73-55E88BE254FB}.RelWithDebInfo|Win32.ActiveCfg = RelWithDebInfo|Win32
		{8A217F38-9679-3C8B-8F73-55E88BE254FB}.RelWithDebInfo|Win32.Build.0 = RelWithDebInfo|Win32
		{4FEFAC09-1806-30B9-BFB8-CD73729FF826}.Debug|Win32.ActiveCfg = Debug|Win32
		{4FEFAC09-1806-30B9-BFB8-CD73729FF826}.Debug|Win32.Build.0 = Debug|Win32
		{4FEFAC09-1806-30B9-BFB8-CD73729FF826}.Release|Win32.ActiveCfg = Release|Win32
		{4FEFAC09-1806-30B9-BFB8-CD73729FF826}.Release|Win32.Build.0 = Release|Win32
		{4FEFAC09-1806-30B9-BFB8-CD73729FF826}.MinSizeRel|Win32.ActiveCfg = MinSizeRel|Win32
		{4FEFAC09-1806-30B9-BFB8-CD73729FF826}.MinSizeRel|Win32.Build.0 = MinSizeRel|Win32
		{4FEFAC09-1806-30B9-BFB8-CD73729FF826}.RelWithDebInfo|Win32.ActiveCfg = RelWithDebInfo|Win32
		{4FEFAC09-1806-30B9-BFB8-CD73729FF826}.RelWithDebInfo|Win32.Build.0 = RelWithDebInfo|Win32
		{EE217295-75EC-30EE-8814-253297C803EE}.Debug|Win32.ActiveCfg = Debug|Win32
		{EE217295-75EC-30EE-8814-253297C803EE}.Debug|Win32.Build.0 = Debug|Win32
		{EE217295-75EC-30EE-8814-253297C803EE}.Release|Win32.ActiveCfg = Release|Win32
		{EE217295-75EC-30EE-8814-253297C803EE}.Release|Win32.Build.0 = Release|Win32
		{EE217295-75EC-30EE-8814-253297C803EE}.MinSizeRel|Win32.ActiveCfg = MinSizeRel|Win32
		{EE217295-75EC-30EE-8814-253297C803EE}.MinSizeRel|Win32.Build.0 = MinSizeRel|Win32
		{EE217295-75EC-30EE-8814-253297C803EE}.RelWithDebInfo|Win32.ActiveCfg = RelWithDebInfo|Win32
		{EE217295-75EC-30EE-8814-253297C803EE}.RelWithDebInfo|Win32.Build.0 = RelWithDebInfo|Win32
		{10B4CF7E-582C-3EAF-BE18-E6A348FA9B37}.Debug|Win32.ActiveCfg = Debug|Win32
		{10B4CF7E-582C-3EAF-BE18-E6A348FA9B37}.Debug|Win32.Build.0 = Debug|Win32
		{10B4CF7E-582C-3EAF-BE18-E6A348FA9B37}.Release|Win32.ActiveCfg = Release|Win32
		{10B4CF7E-582C-3EAF-BE18-E6A348FA9B37}.Release|Win32.Build.0 = Release|Win32
		{10B4CF7E-582C-3EAF-BE18-E6A348FA9B37}.MinSizeRel|Win32.ActiveCfg = MinSizeRel|Win32
		{10B4CF7E-582C-3EAF-BE18-E6A348FA9B37}.MinSizeRel|Win32.Build.0 = MinSizeRel|Win32
		{10B4CF7E-582C-3EAF-BE18-E6A348FA9B37}.RelWithDebInfo|Win32.ActiveCfg = RelWithDebInfo|Win32
		{10B4CF7E-582C-3EAF-BE18-E6A348FA9B37}.RelWithDebInfo|Win32.Build.0 = RelWithDebInfo|Win32
		{79127C94-8536-3B9C-BCFC-C47D5CCD2E86}.Debug|Win32.ActiveCfg = Debug|Win32
		{79127C94-8536-3B9C-BCFC-C47D5CCD2E86}.Debug|Win32.Build.0 = Debug|Win32
		{79127C94-8536-3B9C-BCFC-C47D5CCD2E86}.Release|Win32.ActiveCfg = Release|Win32
		{79127C94-8536-3B9C-BCFC-C47D5CCD2E86}.Release|Win32.Build.0 = Release|Win32
		{79127C94-8536-3B9C-BCFC-C47D5CCD2E86}.MinSizeRel|Win32.ActiveCfg = MinSizeRel|Win32
		{79127C94-8536-3B9C-BCFC-C47D5CCD2E86}.MinSizeRel|Win32.Build.0 = MinSizeRel|Win32
		{79127C94-8536-3B9C-BCFC-C47D5CCD2E86}.RelWithDebInfo|Win32.ActiveCfg = RelWithDebInfo|Win32
		{79127C94-8536-3B9C-BCFC-C47D5CCD2E86}.RelWithDebInfo|Win32.Build.0 = RelWithDebInfo|Win32
		{5994D869-BE05-37DA-95FD-B76179EA7941}.Debug|Win32.ActiveCfg = Debug|Win32
		{5994D869-BE05-37DA-95FD-B76179EA7941}.Debug|Win32.Build.0 = Debug|Win32
		{5994D869-BE05-37DA-95FD-B76179EA7941}.Release|Win32.ActiveCfg = Release|Win32
		{5994D869-BE05-37DA-95FD-B76179EA7941}.Release|Win32.Build.0 = Release|Win32
		{5994D869-BE05-37DA-95FD-B76179EA7941}.MinSizeRel|Win32.ActiveCfg = MinSizeRel|Win32
		{5994D869-BE05-37DA-95FD-B76179EA7941}.MinSizeRel|Win32.Build.0 = MinSizeRel|Win32
		{5994D869-BE05-37DA-95FD-B76179EA7941}.RelWithDebInfo|Win32.ActiveCfg = RelWithDebInfo|Win32
		{5994D869-BE05-37DA-95FD-B76179EA7941}.RelWithDebInfo|Win32.Build.0 = RelWithDebInfo|Win32
		{9DDC5A5A-C6AD-3D2F-84D6-34A55A554263}.Debug|Win32.ActiveCfg = Debug|Win32
		{9DDC5A5A-C6AD-3D2F-84D6-34A55A554263}.Debug|Win32.Build.0 = Debug|Win32
		{9DDC5A5A-C6AD-3D2F-84D6-34A55A554263}.Release|Win32.ActiveCfg = Release|Win32
		{9DDC5A5A-C6AD-3D2F-84D6-34A55A554263}.Release|Win32.Build.0 = Release|Win32
		{9DDC5A5A-C6AD-3D2F-84D6-34A55A554263}.MinSizeRel|Win32.ActiveCfg = MinSizeRel|Win32
		{9DDC5A5A-C6AD-3D2F-84D6-34A55A554263}.MinSizeRel|Win32.Build.0 = MinSizeRel|Win32
		{9DDC5A5A-C6AD-3D2F-84D6-34A55A554263}.RelWithDebInfo|Win32.ActiveCfg = RelWithDebInfo|Win32
		{9DDC5A5A-C6AD-3D2F-84D6-34A55A554263}.RelWithDebInfo|Win32.Build.0 = RelWithDebInfo|Win32
		{3A7C9358-CC2F-3EE3-A627-26F01D9E137B}.Debug|Win32.ActiveCfg = Debug|Win32
		{3A7C9358-CC2F-3EE3-A627-26F01D9E137B}.Debug|Win32.Build.0 = Debug|Win32
		{3A7C9358-CC2F-3EE3-A627-26F01D9E137B}.Release|Win32.ActiveCfg = Release|Win32
		{3A7C9358-CC2F-3EE3-A627-26F01D9E137B}.Release|Win32.Build.0 = Release|Win32
		{3A7C9358-CC2F-3EE3-A627-26F01D9E137B}.MinSizeRel|Win32.ActiveCfg = MinSizeRel|Win32
		{3A7C9358-CC2F-3EE3-A627-26F01D9E137B}.MinSizeRel|Win32.Build.0 = MinSizeRel|Win32
		{3A7C9358-CC2F-3EE3-A627-26F01D9E137B}.RelWithDebInfo|Win32.ActiveCfg = RelWithDebInfo|Win32
		{3A7C9358-CC2F-3EE3-A627-26F01D9E137B}.RelWithDebInfo|Win32.Build.0 = RelWithDebInfo|Win32
		{550DBCA0-E55E-3324-B959-96B8A4BB0435}.Debug|Win32.ActiveCfg = Debug|Win32
		{550DBCA0-E55E-3324-B959-96B8A4BB0435}.Debug|Win32.Build.0 = Debug|Win32
		{550DBCA0-E55E-3324-B959-96B8A4BB0435}.Release|Win32.ActiveCfg = Release|Win32
		{550DBCA0-E55E-3324-B959-96B8A4BB0435}.Release|Win32.Build.0 = Release|Win32
		{550DBCA0-E55E-3324-B959-96B8A4BB0435}.MinSizeRel|Win32.ActiveCfg = MinSizeRel|Win32
		{550DBCA0-E55E-3324-B959-96B8A4BB0435}.MinSizeRel|Win32.Build.0 = MinSizeRel|Win32
		{550DBCA0-E55E-3324-B959-96B8A4BB0435}.RelWithDebInfo|Win32.ActiveCfg = RelWithDebInfo|Win32
		{550DBCA0-E55E-3324-B959-96B8A4BB0435}.RelWithDebInfo|Win32.Build.0 = RelWithDebInfo|Win32
		{817799A6-F912-3CFC-BFC9-914B44814EB8}.Debug|Win32.ActiveCfg = Debug|Win32
		{817799A6-F912-3CFC-BFC9-914B44814EB8}.Debug|Win32.Build.0 = Debug|Win32
		{817799A6-F912-3CFC-BFC9-914B44814EB8}.Release|Win32.ActiveCfg = Release|Win32
		{817799A6-F912-3CFC-BFC9-914B44814EB8}.Release|Win32.Build.0 = Release|Win32
		{817799A6-F912-3CFC-BFC9-914B44814EB8}.MinSizeRel|Win32.ActiveCfg = MinSizeRel|Win32
		{817799A6-F912-3CFC-BFC9-914B44814EB8}.MinSizeRel|Win32.Build.0 = MinSizeRel|Win32
		{817799A6-F912-3CFC-BFC9-914B44814EB8}.RelWithDebInfo|Win32.ActiveCfg = RelWithDebInfo|Win32
		{817799A6-F912-3CFC-BFC9-914B44814EB8}.RelWithDebInfo|Win32.Build.0 = RelWithDebInfo|Win32
		{75FB1C3A-EE84-33EB-9D36-E4031888F75C}.Debug|Win32.ActiveCfg = Debug|Win32
		{75FB1C3A-EE84-33EB-9D36-E4031888F75C}.Debug|Win32.Build.0 = Debug|Win32
		{75FB1C3A-EE84-33EB-9D36-E4031888F75C}.Release|Win32.ActiveCfg = Release|Win32
		{75FB1C3A-EE84-33EB-9D36-E4031888F75C}.Release|Win32.Build.0 = Release|Win32
		{75FB1C3A-EE84-33EB-9D36-E4031888F75C}.MinSizeRel|Win32.ActiveCfg = MinSizeRel|Win32
		{75FB1C3A-EE84-33EB-9D36-E4031888F75C}.MinSizeRel|Win32.Build.0 = MinSizeRel|Win32
		{75FB1C3A-EE84-33EB-9D36-E4031888F75C}.RelWithDebInfo|Win32.ActiveCfg = RelWithDebInfo|Win32
		{75FB1C3A-EE84-33EB-9D36-E4031888F75C}.RelWithDebInfo|Win32.Build.0 = RelWithDebInfo|Win32
		{686D2ACE-5FC9-3C21-B145-97879C6648D7}.Debug|Win32.ActiveCfg = Debug|Win32
		{686D2ACE-5FC9-3C21-B145-97879C6648D7}.Debug|Win32.Build.0 = Debug|Win32
		{686D2ACE-5FC9-3C21-B145-97879C6648D7}.Release|Win32.ActiveCfg = Release|Win32
		{686D2ACE-5FC9-3C21-B145-97879C6648D7}.Release|Win32.Build.0 = Release|Win32
		{686D2ACE-5FC9-3C21-B145-97879C6648D7}.MinSizeRel|Win32.ActiveCfg = MinSizeRel|Win32
		{686D2ACE-5FC9-3C21-B145-97879C6648D7}.MinSizeRel|Win32.Build.0 = MinSizeRel|Win32
		{686D2ACE-5FC9-3C21-B145-97879C6648D7}.RelWithDebInfo|Win32.ActiveCfg = RelWithDebInfo|Win32
		{686D2ACE-5FC9-3C21-B145-97879C6648D7}.RelWithDebInfo|Win32.Build.0 = RelWithDebInfo|Win32
		{0EF6FAB4-A03B-376B-ADBA-19DD3115813B}.Debug|Win32.ActiveCfg = Debug|Win32
		{0EF6FAB4-A03B-376B-ADBA-19DD3115813B}.Debug|Win32.Build.0 = Debug|Win32
		{0EF6FAB4-A03B-376B-ADBA-19DD3115813B}.Release|Win32.ActiveCfg = Release|Win32
		{0EF6FAB4-A03B-376B-ADBA-19DD3115813B}.Release|Win32.Build.0 = Release|Win32
		{0EF6FAB4-A03B-376B-ADBA-19DD3115813B}.MinSizeRel|Win32.ActiveCfg = MinSizeRel|Win32
		{0EF6FAB4-A03B-376B-ADBA-19DD3115813B}.MinSizeRel|Win32.Build.0 = MinSizeRel|Win32
		{0EF6FAB4-A03B-376B-ADBA-19DD3115813B}.RelWithDebInfo|Win32.ActiveCfg = RelWithDebInfo|Win32
		{0EF6FAB4-A03B-376B-ADBA-19DD3115813B}.RelWithDebInfo|Win32.Build.0 = RelWithDebInfo|Win32
		{C1010297-91BF-348D-8621-65E9AD2D40AA}.Debug|Win32.ActiveCfg = Debug|Win32
		{C1010297-91BF-348D-8621-65E9AD2D40AA}.Debug|Win32.Build.0 = Debug|Win32
		{C1010297-91BF-348D-8621-65E9AD2D40AA}.Release|Win32.ActiveCfg = Release|Win32
		{C1010297-91BF-348D-8621-65E9AD2D40AA}.Release|Win32.Build.0 = Release|Win32
		{C1010297-91BF-348D-8621-65E9AD2D40AA}.MinSizeRel|Win32.ActiveCfg = MinSizeRel|Win32
		{C1010297-91BF-348D-8621-65E9AD2D40AA}.MinSizeRel|Win32.Build.0 = MinSizeRel|Win32
		{C1010297-91BF-348D-8621-65E9AD2D40AA}.RelWithDebInfo|Win32.ActiveCfg = RelWithDebInfo|Win32
		{C1010297-91BF-348D-8621-65E9AD2D40AA}.RelWithDebInfo|Win32.Build.0 = RelWithDebInfo|Win32
		{9249F118-B47A-384F-9F4F-FA60AD0F76D5}.Debug|Win32.ActiveCfg = Debug|Win32
		{9249F118-B47A-384F-9F4F-FA60AD0F76D5}.Debug|Win32.Build.0 = Debug|Win32
		{9249F118-B47A-384F-9F4F-FA60AD0F76D5}.Release|Win32.ActiveCfg = Release|Win32
		{9249F118-B47A-384F-9F4F-FA60AD0F76D5}.Release|Win32.Build.0 = Release|Win32
		{9249F118-B47A-384F-9F4F-FA60AD0F76D5}.MinSizeRel|Win32.ActiveCfg = MinSizeRel|Win32
		{9249F118-B47A-384F-9F4F-FA60AD0F76D5}.MinSizeRel|Win32.Build.0 = MinSizeRel|Win32
		{9249F118-B47A-384F-9F4F-FA60AD0F76D5}.RelWithDebInfo|Win32.ActiveCfg = RelWithDebInfo|Win32
		{9249F118-B47A-384F-9F4F-FA60AD0F76D5}.RelWithDebInfo|Win32.Build.0 = RelWithDebInfo|Win32
		{170024F1-1511-384E-9D6C-BAD6B98D971A}.Debug|Win32.ActiveCfg = Debug|Win32
		{170024F1-1511-384E-9D6C-BAD6B98D971A}.Debug|Win32.Build.0 = Debug|Win32
		{170024F1-1511-384E-9D6C-BAD6B98D971A}.Release|Win32.ActiveCfg = Release|Win32
		{170024F1-1511-384E-9D6C-BAD6B98D971A}.Release|Win32.Build.0 = Release|Win32
		{170024F1-1511-384E-9D6C-BAD6B98D971A}.MinSizeRel|Win32.ActiveCfg = MinSizeRel|Win32
		{170024F1-1511-384E-9D6C-BAD6B98D971A}.MinSizeRel|Win32.Build.0 = MinSizeRel|Win32
		{170024F1-1511-384E-9D6C-BAD6B98D971A}.RelWithDebInfo|Win32.ActiveCfg = RelWithDebInfo|Win32
		{170024F1-1511-384E-9D6C-BAD6B98D971A}.RelWithDebInfo|Win32.Build.0 = RelWithDebInfo|Win32
		{5AB339A5-0442-3930-9D05-F9E86DE040F1}.Debug|Win32.ActiveCfg = Debug|Win32
		{5AB339A5-0442-3930-9D05-F9E86DE040F1}.Debug|Win32.Build.0 = Debug|Win32
		{5AB339A5-0442-3930-9D05-F9E86DE040F1}.Release|Win32.ActiveCfg = Release|Win32
		{5AB339A5-0442-3930-9D05-F9E86DE040F1}.Release|Win32.Build.0 = Release|Win32
		{5AB339A5-0442-3930-9D05-F9E86DE040F1}.MinSizeRel|Win32.ActiveCfg = MinSizeRel|Win32
		{5AB339A5-0442-3930-9D05-F9E86DE040F1}.MinSizeRel|Win32.Build.0 = MinSizeRel|Win32
		{5AB339A5-0442-3930-9D05-F9E86DE040F1}.RelWithDebInfo|Win32.ActiveCfg = RelWithDebInfo|Win32
		{5AB339A5-0442-3930-9D05-F9E86DE040F1}.RelWithDebInfo|Win32.Build.0 = RelWithDebInfo|Win32
		{1AEDE5F5-23BC-38E6-8D70-30A8D5A52535}.Debug|Win32.ActiveCfg = Debug|Win32
		{1AEDE5F5-23BC-38E6-8D70-30A8D5A52535}.Debug|Win32.Build.0 = Debug|Win32
		{1AEDE5F5-23BC-38E6-8D70-30A8D5A52535}.Release|Win32.ActiveCfg = Release|Win32
		{1AEDE5F5-23BC-38E6-8D70-30A8D5A52535}.Release|Win32.Build.0 = Release|Win32
		{1AEDE5F5-23BC-38E6-8D70-30A8D5A52535}.MinSizeRel|Win32.ActiveCfg = MinSizeRel|Win32
		{1AEDE5F5-23BC-38E6-8D70-30A8D5A52535}.MinSizeRel|Win32.Build.0 = MinSizeRel|Win32
		{1AEDE5F5-23BC-38E6-8D70-30A8D5A52535}.RelWithDebInfo|Win32.ActiveCfg = RelWithDebInfo|Win32
		{1AEDE5F5-23BC-38E6-8D70-30A8D5A52535}.RelWithDebInfo|Win32.Build.0 = RelWithDebInfo|Win32
		{A18807FF-CB28-3D6F-978E-243E9756945C}.Debug|Win32.ActiveCfg = Debug|Win32
		{A18807FF-CB28-3D6F-978E-243E9756945C}.Debug|Win32.Build.0 = Debug|Win32
		{A18807FF-CB28-3D6F-978E-243E9756945C}.Release|Win32.ActiveCfg = Release|Win32
		{A18807FF-CB28-3D6F-978E-243E9756945C}.Release|Win32.Build.0 = Release|Win32
		{A18807FF-CB28-3D6F-978E-243E9756945C}.MinSizeRel|Win32.ActiveCfg = MinSizeRel|Win32
		{A18807FF-CB28-3D6F-978E-243E9756945C}.MinSizeRel|Win32.Build.0 = MinSizeRel|Win32
		{A18807FF-CB28-3D6F-978E-243E9756945C}.RelWithDebInfo|Win32.ActiveCfg = RelWithDebInfo|Win32
		{A18807FF-CB28-3D6F-978E-243E9756945C}.RelWithDebInfo|Win32.Build.0 = RelWithDebInfo|Win32
		{3ED0FDE4-069D-36F4-BCF8-7107363DA14D}.Debug|Win32.ActiveCfg = Debug|Win32
		{3ED0FDE4-069D-36F4-BCF8-7107363DA14D}.Release|Win32.ActiveCfg = Release|Win32
		{3ED0FDE4-069D-36F4-BCF8-7107363DA14D}.MinSizeRel|Win32.ActiveCfg = MinSizeRel|Win32
		{3ED0FDE4-069D-36F4-BCF8-7107363DA14D}.RelWithDebInfo|Win32.ActiveCfg = RelWithDebInfo|Win32
		{B98C6274-21FF-3AD3-AC88-7FED9FD13E58}.Debug|Win32.ActiveCfg = Debug|Win32
		{B98C6274-21FF-3AD3-AC88-7FED9FD13E58}.Debug|Win32.Build.0 = Debug|Win32
		{B98C6274-21FF-3AD3-AC88-7FED9FD13E58}.Release|Win32.ActiveCfg = Release|Win32
		{B98C6274-21FF-3AD3-AC88-7FED9FD13E58}.Release|Win32.Build.0 = Release|Win32
		{B98C6274-21FF-3AD3-AC88-7FED9FD13E58}.MinSizeRel|Win32.ActiveCfg = MinSizeRel|Win32
		{B98C6274-21FF-3AD3-AC88-7FED9FD13E58}.MinSizeRel|Win32.Build.0 = MinSizeRel|Win32
		{B98C6274-21FF-3AD3-AC88-7FED9FD13E58}.RelWithDebInfo|Win32.ActiveCfg = RelWithDebInfo|Win32
		{B98C6274-21FF-3AD3-AC88-7FED9FD13E58}.RelWithDebInfo|Win32.Build.0 = RelWithDebInfo|Win32
		{69AB8000-3BC6-3B46-B91A-1DC87D15AC6A}.Debug|Win32.ActiveCfg = Debug|Win32
		{69AB8000-3BC6-3B46-B91A-1DC87D15AC6A}.Debug|Win32.Build.0 = Debug|Win32
		{69AB8000-3BC6-3B46-B91A-1DC87D15AC6A}.Release|Win32.ActiveCfg = Release|Win32
		{69AB8000-3BC6-3B46-B91A-1DC87D15AC6A}.Release|Win32.Build.0 = Release|Win32
		{69AB8000-3BC6-3B46-B91A-1DC87D15AC6A}.MinSizeRel|Win32.ActiveCfg = MinSizeRel|Win32
		{69AB8000-3BC6-3B46-B91A-1DC87D15AC6A}.MinSizeRel|Win32.Build.0 = MinSizeRel|Win32
		{69AB8000-3BC6-3B46-B91A-1DC87D15AC6A}.RelWithDebInfo|Win32.ActiveCfg = RelWithDebInfo|Win32
		{69AB8000-3BC6-3B46-B91A-1DC87D15AC6A}.RelWithDebInfo|Win32.Build.0 = RelWithDebInfo|Win32
	EndGlobalSection
	GlobalSection(NestedProjects) = preSolution
		{2CDDD5B5-F14B-365A-83F0-CCA04893807C} = {F1AA5AEC-2E8C-3C25-A5D4-341F06A5DC33}
		{E91B7006-9A28-320B-8A7F-FD1628020A5F} = {F1AA5AEC-2E8C-3C25-A5D4-341F06A5DC33}
		{80A0C7E5-F29D-305C-B383-1E7157FEF913} = {F1AA5AEC-2E8C-3C25-A5D4-341F06A5DC33}
		{5FC37CB6-BFAA-3D91-A6E5-1A625C6C4E1E} = {27AA4DB9-F3C4-3A76-822A-9A297F5DBE6E}
		{AA68A555-9A69-3CE0-B1D0-1B46DCCFD98B} = {27AA4DB9-F3C4-3A76-822A-9A297F5DBE6E}
		{EE217295-75EC-30EE-8814-253297C803EE} = {27AA4DB9-F3C4-3A76-822A-9A297F5DBE6E}
		{FD940E4C-30FF-3936-97F0-0D872FEF1F3E} = {5FC37CB6-BFAA-3D91-A6E5-1A625C6C4E1E}
		{4FEFAC09-1806-30B9-BFB8-CD73729FF826} = {5FC37CB6-BFAA-3D91-A6E5-1A625C6C4E1E}
		{79127C94-8536-3B9C-BCFC-C47D5CCD2E86} = {5FC37CB6-BFAA-3D91-A6E5-1A625C6C4E1E}
		{75FB1C3A-EE84-33EB-9D36-E4031888F75C} = {5FC37CB6-BFAA-3D91-A6E5-1A625C6C4E1E}
		{C1010297-91BF-348D-8621-65E9AD2D40AA} = {5FC37CB6-BFAA-3D91-A6E5-1A625C6C4E1E}
		{9249F118-B47A-384F-9F4F-FA60AD0F76D5} = {5FC37CB6-BFAA-3D91-A6E5-1A625C6C4E1E}
		{B98C6274-21FF-3AD3-AC88-7FED9FD13E58} = {5FC37CB6-BFAA-3D91-A6E5-1A625C6C4E1E}
		{92EBEA93-6111-39C8-847E-010187FB05CB} = {AA68A555-9A69-3CE0-B1D0-1B46DCCFD98B}
		{C543B82C-A0DE-3816-BAD4-68B53BBE0395} = {AA68A555-9A69-3CE0-B1D0-1B46DCCFD98B}
		{F4986BE4-3964-363E-A1FC-0CC0353E0C19} = {AA68A555-9A69-3CE0-B1D0-1B46DCCFD98B}
		{64846FBB-9957-3E1A-9385-7C9BE0F55AD0} = {AA68A555-9A69-3CE0-B1D0-1B46DCCFD98B}
		{8A217F38-9679-3C8B-8F73-55E88BE254FB} = {AA68A555-9A69-3CE0-B1D0-1B46DCCFD98B}
		{10B4CF7E-582C-3EAF-BE18-E6A348FA9B37} = {AA68A555-9A69-3CE0-B1D0-1B46DCCFD98B}
		{5994D869-BE05-37DA-95FD-B76179EA7941} = {AA68A555-9A69-3CE0-B1D0-1B46DCCFD98B}
		{9DDC5A5A-C6AD-3D2F-84D6-34A55A554263} = {AA68A555-9A69-3CE0-B1D0-1B46DCCFD98B}
		{3A7C9358-CC2F-3EE3-A627-26F01D9E137B} = {AA68A555-9A69-3CE0-B1D0-1B46DCCFD98B}
		{550DBCA0-E55E-3324-B959-96B8A4BB0435} = {AA68A555-9A69-3CE0-B1D0-1B46DCCFD98B}
		{817799A6-F912-3CFC-BFC9-914B44814EB8} = {AA68A555-9A69-3CE0-B1D0-1B46DCCFD98B}
		{686D2ACE-5FC9-3C21-B145-97879C6648D7} = {AA68A555-9A69-3CE0-B1D0-1B46DCCFD98B}
		{0EF6FAB4-A03B-376B-ADBA-19DD3115813B} = {AA68A555-9A69-3CE0-B1D0-1B46DCCFD98B}
		{170024F1-1511-384E-9D6C-BAD6B98D971A} = {AA68A555-9A69-3CE0-B1D0-1B46DCCFD98B}
		{5AB339A5-0442-3930-9D05-F9E86DE040F1} = {AA68A555-9A69-3CE0-B1D0-1B46DCCFD98B}
		{1AEDE5F5-23BC-38E6-8D70-30A8D5A52535} = {AA68A555-9A69-3CE0-B1D0-1B46DCCFD98B}
		{A18807FF-CB28-3D6F-978E-243E9756945C} = {AA68A555-9A69-3CE0-B1D0-1B46DCCFD98B}
		{69AB8000-3BC6-3B46-B91A-1DC87D15AC6A} = {AA68A555-9A69-3CE0-B1D0-1B46DCCFD98B}
	EndGlobalSection
	GlobalSection(ExtensibilityGlobals) = postSolution
	EndGlobalSection
	GlobalSection(ExtensibilityAddIns) = postSolution
	EndGlobalSection
EndGlobal
